id: ata_control
label: ATA Control
category: '[ATA]'


#  Make one 'parameters' list entry for every parameter you want settable from the GUI.
#     Keys include:
#     * id (makes the value accessible as \$keyname, e.g. in the make entry)
#     * label (label shown in the GUI)
#     * dtype (e.g. int, float, complex, byte, short, xxx_vector, ...)
parameters:
- id: username
  label: Username
  dtype: string
  
- id: mode
  label: Mode
  dtype: string
  options: [online, offline]
  option_labels: [Observing Mode, Offline Mode]
#  default: 0.0

- id: lo
  label: LO Tuning
  dtype: string
  options: [a, b, c, d]
  option_labels: [A, B, C, D]
  default: d

#- id: ant_list
#  label: List of antennas
#  dtype: string
#  default: "Ex: ant1, ant2, ant3, ..."

#- id: src_list
#  label: List of sources
#  dtype: string
#  default: "Ex; src1, src2, src3, ..."

#- id: dur_list
#  label: Scan durations (seconds)
#  dtype: float_vector
#  default: 30, 60

#  Make one 'inputs' list entry per input and one 'outputs' list entry per output.
#  Keys include:
#      * label (an identifier for the GUI)
#      * domain (optional - stream or message. Default is stream)
#      * dtype (e.g. int, float, complex, byte, short, xxx_vector, ...)
#      * vlen (optional - data stream vector length. Default is 1)
#      * optional (optional - set to 1 for optional inputs. Default is 0)


inputs:
- label: command
  domain: message
  optional: false

#outputs:
#- label: ...
#  domain: ...
#  dtype: ...
#  vlen: ...
#  optional: ...

templates:
    imports: import ata
    make: ata.control(${username}, ${mode}, ${lo}) #, ${ant_list}, ${src_list}, ${dur_list})
    
documentation: |-
    This block sends commands to the Allen Telescope Array and takes 
    orders from blocks like ATA Track Scan and ATA On-Off to point
    antennas in the array at target sources indicated by the user.
    
    The username field allows the block to perform a check that you 
    have locked out the array, and terminates your observation if 
    not to avoid conflicts with other observers.
    
    The mode selection allows you to choose whether you want to test the 
    message passing capabilities of the control block offline (in which 
    case you should select "Offline Mode") or if you actually want to observe
    with the ATA from the gnuradio1 machine at the observatory, in which case
    you should select "Observing Mode".
    
#  'file_format' specifies the version of the GRC yml format used in the file
#  and should usually not be changed.
file_format: 1
