id: ata_trackscan
label: ATA Track Scan
category: '[ATA]'

#  Make one 'parameters' list entry for every parameter you want settable from the GUI.
#     Keys include:
#     * id (makes the value accessible as \$keyname, e.g. in the make entry)
#     * label (label shown in the GUI)
#     * dtype (e.g. int, float, complex, byte, short, xxx_vector, ...)

parameters:

- id: cfreq
  label: Center frequency
  dtype: float
  default: 0.0
  
- id: ant_list
  label: List of antennas
  dtype: string
  default: "Ex: ant1, ant2, ant3, ..."


- id: coord_type
  label: Coordinate type
  dtype: string
  options: [id, radec, azel]
  option_labels: [Catalog Identifier, RA / Dec, Az / El]
  
- id: src_list
  label: Source ID
  dtype: string
  default: casa
  hide: ${ ('none' if coord_type.startswith('id') else 'all') }
  
- id: ra
  label: RA (decimal deg.)
  dtype: float
  default: 14.00
  hide: ${ ('none' if coord_type.startswith('radec') else 'all') }
  
- id: dec
  label: Dec. (decimal deg.)
  dtype: float
  default: 67.00
  hide: ${ ('none' if coord_type.startswith('radec') else 'all') }
  
- id: az
  label: Az. (decimal deg.)
  dtype: float
  default: 0.00
  hide: ${ ('none' if coord_type.startswith('azel') else 'all') }
  
- id: el
  label: Elev. (decimal deg.)
  dtype: float
  default: 18.00
  hide: ${ ('none' if coord_type.startswith('azel') else 'all') }
  
#  Make one 'inputs' list entry per input and one 'outputs' list entry per output.
#  Keys include:
#      * label (an identifier for the GUI)
#      * domain (optional - stream or message. Default is stream)
#      * dtype (e.g. int, float, complex, byte, short, xxx_vector, ...)
#      * vlen (optional - data stream vector length. Default is 1)
#      * optional (optional - set to 1 for optional inputs. Default is 0)
#inputs:
#- label: ...
#  domain: ...
#  dtype: ...
#  vlen: ...
#  optional: ...

outputs:
- label: command
  domain: message
  optional: false

templates:
    imports: import ata
    make: |
        ata.trackscan(${cfreq}, ${ant_list}, ${coord_type}) 
        % if context.get('coord_type')() == "azel":
        self.${id}.set_src_azel(${az}, ${el})
        % elif context.get('coord_type')() == "id":
        self.${id}.set_sources(${src_list})
        % elif context.get('coord_type')() == "radec":
        self.${id}.set_src_radec(${ra}, ${dec})
        % endif

    callbacks: 
    - self.${id}.set_sources(${src_list})
    - self.${id}.set_src_radec(${ra}, ${dec})       
    - self.${id}.set_src_azel(${az}, ${el})
          
#  'file_format' specifies the version of the GRC yml format used in the file
#  and should usually not be changed.
file_format: 1
